
Microsoft Visual Studio Solution File, Format Version 12.00
# Visual Studio 15
VisualStudioVersion = 15.0.28307.329
MinimumVisualStudioVersion = 10.0.40219.1
Project("{FAE04EC0-301F-11D3-BF4B-00C04F79EFBC}") = "StringInterleaving", "StringInterleaving\StringInterleaving.csproj", "{10A84B0B-E113-469C-A776-C81F2E9058D2}"
EndProject
Global
	GlobalSection(SolutionConfigurationPlatforms) = preSolution
		Debug|Any CPU = Debug|Any CPU
		Release|Any CPU = Release|Any CPU
	EndGlobalSection
	GlobalSection(ProjectConfigurationPlatforms) = postSolution
		{10A84B0B-E113-469C-A776-C81F2E9058D2}.Debug|Any CPU.ActiveCfg = Debug|Any CPU
		{10A84B0B-E113-469C-A776-C81F2E9058D2}.Debug|Any CPU.Build.0 = Debug|Any CPU
		{10A84B0B-E113-469C-A776-C81F2E9058D2}.Release|Any CPU.ActiveCfg = Release|Any CPU
		{10A84B0B-E113-469C-A776-C81F2E9058D2}.Release|Any CPU.Build.0 = Release|Any CPU
	EndGlobalSection
	GlobalSection(SolutionProperties) = preSolution
		HideSolutionNode = FALSE
	EndGlobalSection
	GlobalSection(ExtensibilityGlobals) = postSolution
		SolutionGuid = {2BAAC987-A3AF-467E-8ABD-32E8551BD597}
	EndGlobalSection
EndGlobal
